
Microsoft Visual Studio Solution File, Format Version 12.00
# Visual Studio Version 16
VisualStudioVersion = 16.0.31829.152
MinimumVisualStudioVersion = 10.0.40219.1
Project("{FAE04EC0-301F-11D3-BF4B-00C04F79EFBC}") = "woordle", "woordle\woordle.csproj", "{1C729B6A-1C88-43A7-ACDE-2163D08928EE}"
EndProject
Project("{FAE04EC0-301F-11D3-BF4B-00C04F79EFBC}") = "Moordle", "Moordle\Moordle.csproj", "{702E3CF5-B760-40B4-AC4C-D97D9E023970}"
EndProject
Global
	GlobalSection(SolutionConfigurationPlatforms) = preSolution
		Debug|Any CPU = Debug|Any CPU
		Release|Any CPU = Release|Any CPU
	EndGlobalSection
	GlobalSection(ProjectConfigurationPlatforms) = postSolution
		{1C729B6A-1C88-43A7-ACDE-2163D08928EE}.Debug|Any CPU.ActiveCfg = Debug|Any CPU
		{1C729B6A-1C88-43A7-ACDE-2163D08928EE}.Debug|Any CPU.Build.0 = Debug|Any CPU
		{1C729B6A-1C88-43A7-ACDE-2163D08928EE}.Release|Any CPU.ActiveCfg = Release|Any CPU
		{1C729B6A-1C88-43A7-ACDE-2163D08928EE}.Release|Any CPU.Build.0 = Release|Any CPU
		{702E3CF5-B760-40B4-AC4C-D97D9E023970}.Debug|Any CPU.ActiveCfg = Debug|Any CPU
		{702E3CF5-B760-40B4-AC4C-D97D9E023970}.Debug|Any CPU.Build.0 = Debug|Any CPU
		{702E3CF5-B760-40B4-AC4C-D97D9E023970}.Release|Any CPU.ActiveCfg = Release|Any CPU
		{702E3CF5-B760-40B4-AC4C-D97D9E023970}.Release|Any CPU.Build.0 = Release|Any CPU
	EndGlobalSection
	GlobalSection(SolutionProperties) = preSolution
		HideSolutionNode = FALSE
	EndGlobalSection
	GlobalSection(ExtensibilityGlobals) = postSolution
		SolutionGuid = {A95BB3C5-4AB8-461A-B93D-EBECEFBC6DD0}
	EndGlobalSection
EndGlobal
